
Microsoft Visual Studio Solution File, Format Version 12.00
# Visual Studio Version 17
VisualStudioVersion = 17.2.32616.157
MinimumVisualStudioVersion = 10.0.40219.1
Project("{9A19103F-16F7-4668-BE54-9A1E7A4F7556}") = "SchoolManagement", "SchoolManagement\SchoolManagement.csproj", "{489FEFFC-2311-4A0E-8C25-332B31C0BAD9}"
EndProject
Project("{FAE04EC0-301F-11D3-BF4B-00C04F79EFBC}") = "Shared.Common", "Shared.Common\Shared.Common.csproj", "{1A1C21C2-5118-40E5-84CE-58C6276C03C3}"
EndProject
Project("{FAE04EC0-301F-11D3-BF4B-00C04F79EFBC}") = "SchoolManagement.Domain", "SchoolManagement.Domain\SchoolManagement.Domain.csproj", "{752B866A-738F-4014-BFA9-B6B9DF46AAB0}"
EndProject
Global
	GlobalSection(SolutionConfigurationPlatforms) = preSolution
		Debug|Any CPU = Debug|Any CPU
		Release|Any CPU = Release|Any CPU
	EndGlobalSection
	GlobalSection(ProjectConfigurationPlatforms) = postSolution
		{489FEFFC-2311-4A0E-8C25-332B31C0BAD9}.Debug|Any CPU.ActiveCfg = Debug|Any CPU
		{489FEFFC-2311-4A0E-8C25-332B31C0BAD9}.Debug|Any CPU.Build.0 = Debug|Any CPU
		{489FEFFC-2311-4A0E-8C25-332B31C0BAD9}.Release|Any CPU.ActiveCfg = Release|Any CPU
		{489FEFFC-2311-4A0E-8C25-332B31C0BAD9}.Release|Any CPU.Build.0 = Release|Any CPU
		{1A1C21C2-5118-40E5-84CE-58C6276C03C3}.Debug|Any CPU.ActiveCfg = Debug|Any CPU
		{1A1C21C2-5118-40E5-84CE-58C6276C03C3}.Debug|Any CPU.Build.0 = Debug|Any CPU
		{1A1C21C2-5118-40E5-84CE-58C6276C03C3}.Release|Any CPU.ActiveCfg = Release|Any CPU
		{1A1C21C2-5118-40E5-84CE-58C6276C03C3}.Release|Any CPU.Build.0 = Release|Any CPU
		{752B866A-738F-4014-BFA9-B6B9DF46AAB0}.Debug|Any CPU.ActiveCfg = Debug|Any CPU
		{752B866A-738F-4014-BFA9-B6B9DF46AAB0}.Debug|Any CPU.Build.0 = Debug|Any CPU
		{752B866A-738F-4014-BFA9-B6B9DF46AAB0}.Release|Any CPU.ActiveCfg = Release|Any CPU
		{752B866A-738F-4014-BFA9-B6B9DF46AAB0}.Release|Any CPU.Build.0 = Release|Any CPU
	EndGlobalSection
	GlobalSection(SolutionProperties) = preSolution
		HideSolutionNode = FALSE
	EndGlobalSection
	GlobalSection(ExtensibilityGlobals) = postSolution
		SolutionGuid = {E92DA3D6-4F78-4745-A3CE-30DFDCEED36F}
	EndGlobalSection
EndGlobal
